
Microsoft Visual Studio Solution File, Format Version 12.00
# Visual Studio Version 18
VisualStudioVersion = 18.6.11819.183 stable
MinimumVisualStudioVersion = 10.0.40219.1
Project("{FAE04EC0-301F-11D3-BF4B-00C04F79EFBC}") = "TheGallop_Resort.Models", "TheGallop_Resort.Models\TheGallop_Resort.Models.csproj", "{ECE2CC71-0860-45D8-B515-FBD7C5B4CBBD}"
EndProject
Project("{FAE04EC0-301F-11D3-BF4B-00C04F79EFBC}") = "TheGallop_Resort.Api", "TheGallop_Resort.Api\TheGallop_Resort.Api.csproj", "{7F6E6C01-B4B6-429F-A2B5-EA060BE131B9}"
EndProject
Project("{FAE04EC0-301F-11D3-BF4B-00C04F79EFBC}") = "TheGallop_Resort.Tests", "TheGallop_Resort.Tests\TheGallop_Resort.Tests.csproj", "{ECBEFE42-9233-44DD-A63F-299454911700}"
EndProject
Global
	GlobalSection(SolutionConfigurationPlatforms) = preSolution
		Debug|Any CPU = Debug|Any CPU
		Release|Any CPU = Release|Any CPU
	EndGlobalSection
	GlobalSection(ProjectConfigurationPlatforms) = postSolution
		{ECE2CC71-0860-45D8-B515-FBD7C5B4CBBD}.Debug|Any CPU.ActiveCfg = Debug|Any CPU
		{ECE2CC71-0860-45D8-B515-FBD7C5B4CBBD}.Debug|Any CPU.Build.0 = Debug|Any CPU
		{ECE2CC71-0860-45D8-B515-FBD7C5B4CBBD}.Release|Any CPU.ActiveCfg = Release|Any CPU
		{ECE2CC71-0860-45D8-B515-FBD7C5B4CBBD}.Release|Any CPU.Build.0 = Release|Any CPU
		{7F6E6C01-B4B6-429F-A2B5-EA060BE131B9}.Debug|Any CPU.ActiveCfg = Debug|Any CPU
		{7F6E6C01-B4B6-429F-A2B5-EA060BE131B9}.Debug|Any CPU.Build.0 = Debug|Any CPU
		{7F6E6C01-B4B6-429F-A2B5-EA060BE131B9}.Release|Any CPU.ActiveCfg = Release|Any CPU
		{7F6E6C01-B4B6-429F-A2B5-EA060BE131B9}.Release|Any CPU.Build.0 = Release|Any CPU
		{ECBEFE42-9233-44DD-A63F-299454911700}.Debug|Any CPU.ActiveCfg = Debug|Any CPU
		{ECBEFE42-9233-44DD-A63F-299454911700}.Debug|Any CPU.Build.0 = Debug|Any CPU
		{ECBEFE42-9233-44DD-A63F-299454911700}.Release|Any CPU.ActiveCfg = Release|Any CPU
		{ECBEFE42-9233-44DD-A63F-299454911700}.Release|Any CPU.Build.0 = Release|Any CPU
	EndGlobalSection
	GlobalSection(SolutionProperties) = preSolution
		HideSolutionNode = FALSE
	EndGlobalSection
	GlobalSection(ExtensibilityGlobals) = postSolution
		SolutionGuid = {D8950646-9979-442A-A39D-C6558DD13E81}
	EndGlobalSection
EndGlobal
